
Microsoft Visual Studio Solution File, Format Version 12.00
# Visual Studio 14
VisualStudioVersion = 14.0.25123.0
MinimumVisualStudioVersion = 10.0.40219.1
Project("{FAE04EC0-301F-11D3-BF4B-00C04F79EFBC}") = "Silkroad.Tools.ModuleFilter", "Silkroad.Tools.ModuleFilter\Silkroad.Tools.ModuleFilter.csproj", "{033B4F41-890B-4523-998C-A049C41149FE}"
EndProject
Project("{FAE04EC0-301F-11D3-BF4B-00C04F79EFBC}") = "Silkroad.Framework.Common", "Silkroad.Framework.Network\Silkroad.Framework.Common.csproj", "{846181E6-0314-4BE3-8E6B-45DB6E25F957}"
EndProject
Project("{FAE04EC0-301F-11D3-BF4B-00C04F79EFBC}") = "Silkroad.Framework.Utility", "Silkroad.Framework.Utility\Silkroad.Framework.Utility.csproj", "{B68F9D08-D251-4A1B-911D-6F19CA38DCCD}"
EndProject
Project("{2150E333-8FDC-42A3-9474-1A3956D46DE8}") = "Plugins", "Plugins", "{3C89E165-65C9-48BB-B5F0-591CFC509792}"
EndProject
Project("{FAE04EC0-301F-11D3-BF4B-00C04F79EFBC}") = "Silkroad.Plugin.Gateway", "Silkroad.Plugin.Gateway\Silkroad.Plugin.Gateway.csproj", "{6E338C76-6CEE-41A0-8EB4-CE32608097B7}"
EndProject
Project("{FAE04EC0-301F-11D3-BF4B-00C04F79EFBC}") = "Silkroad.Plugin.Global", "Silkroad.Plugin.Global\Silkroad.Plugin.Global.csproj", "{933DCC5B-C9A8-4493-9274-1F527A363A30}"
EndProject
Project("{FAE04EC0-301F-11D3-BF4B-00C04F79EFBC}") = "Silkroad.Plugin.Machine", "Silkroad.Plugin.Machine\Silkroad.Plugin.Machine.csproj", "{15D14B64-6B0C-4287-A5BA-5E38FDF04F47}"
EndProject
Project("{FAE04EC0-301F-11D3-BF4B-00C04F79EFBC}") = "Silkroad.Plugin.Download", "Silkroad.Plugin.Download\Silkroad.Plugin.Download.csproj", "{2F31E286-005B-48DB-9D4C-B8A6702AD66D}"
EndProject
Project("{FAE04EC0-301F-11D3-BF4B-00C04F79EFBC}") = "Silkroad.Plugin.Farm", "Silkroad.Plugin.Farm\Silkroad.Plugin.Farm.csproj", "{23D72432-60F5-4DC2-8C26-8866B9D7A194}"
EndProject
Project("{FAE04EC0-301F-11D3-BF4B-00C04F79EFBC}") = "Silkroad.Plugin.SMC", "Silkroad.Plugin.SMC\Silkroad.Plugin.SMC.csproj", "{5C1434FE-1F3B-40B2-AB5F-FB63AFD0C6D6}"
EndProject
Project("{FAE04EC0-301F-11D3-BF4B-00C04F79EFBC}") = "Silkroad.Plugin.Agent", "Silkroad.Plugin.Agent\Silkroad.Plugin.Agent.csproj", "{7D67D19F-FF25-4C15-93B4-2A24939EF4BA}"
EndProject
Project("{FAE04EC0-301F-11D3-BF4B-00C04F79EFBC}") = "Silkroad.Plugin.Game", "Silkroad.Plugin.Game\Silkroad.Plugin.Game.csproj", "{52831E76-6223-4203-92E3-9E96C5FFDF44}"
EndProject
Project("{FAE04EC0-301F-11D3-BF4B-00C04F79EFBC}") = "Silkroad.Plugin.Shard", "Silkroad.Plugin.Shard\Silkroad.Plugin.Shard.csproj", "{888CBF82-6F8C-42E8-8A5E-D14AC795A5A6}"
EndProject
Global
	GlobalSection(SolutionConfigurationPlatforms) = preSolution
		Debug|Any CPU = Debug|Any CPU
		Release|Any CPU = Release|Any CPU
	EndGlobalSection
	GlobalSection(ProjectConfigurationPlatforms) = postSolution
		{033B4F41-890B-4523-998C-A049C41149FE}.Debug|Any CPU.ActiveCfg = Debug|Any CPU
		{033B4F41-890B-4523-998C-A049C41149FE}.Debug|Any CPU.Build.0 = Debug|Any CPU
		{033B4F41-890B-4523-998C-A049C41149FE}.Release|Any CPU.ActiveCfg = Release|Any CPU
		{033B4F41-890B-4523-998C-A049C41149FE}.Release|Any CPU.Build.0 = Release|Any CPU
		{846181E6-0314-4BE3-8E6B-45DB6E25F957}.Debug|Any CPU.ActiveCfg = Debug|Any CPU
		{846181E6-0314-4BE3-8E6B-45DB6E25F957}.Debug|Any CPU.Build.0 = Debug|Any CPU
		{846181E6-0314-4BE3-8E6B-45DB6E25F957}.Release|Any CPU.ActiveCfg = Release|Any CPU
		{846181E6-0314-4BE3-8E6B-45DB6E25F957}.Release|Any CPU.Build.0 = Release|Any CPU
		{B68F9D08-D251-4A1B-911D-6F19CA38DCCD}.Debug|Any CPU.ActiveCfg = Debug|Any CPU
		{B68F9D08-D251-4A1B-911D-6F19CA38DCCD}.Debug|Any CPU.Build.0 = Debug|Any CPU
		{B68F9D08-D251-4A1B-911D-6F19CA38DCCD}.Release|Any CPU.ActiveCfg = Release|Any CPU
		{B68F9D08-D251-4A1B-911D-6F19CA38DCCD}.Release|Any CPU.Build.0 = Release|Any CPU
		{6E338C76-6CEE-41A0-8EB4-CE32608097B7}.Debug|Any CPU.ActiveCfg = Debug|Any CPU
		{6E338C76-6CEE-41A0-8EB4-CE32608097B7}.Debug|Any CPU.Build.0 = Debug|Any CPU
		{6E338C76-6CEE-41A0-8EB4-CE32608097B7}.Release|Any CPU.ActiveCfg = Release|Any CPU
		{6E338C76-6CEE-41A0-8EB4-CE32608097B7}.Release|Any CPU.Build.0 = Release|Any CPU
		{933DCC5B-C9A8-4493-9274-1F527A363A30}.Debug|Any CPU.ActiveCfg = Debug|Any CPU
		{933DCC5B-C9A8-4493-9274-1F527A363A30}.Debug|Any CPU.Build.0 = Debug|Any CPU
		{933DCC5B-C9A8-4493-9274-1F527A363A30}.Release|Any CPU.ActiveCfg = Release|Any CPU
		{933DCC5B-C9A8-4493-9274-1F527A363A30}.Release|Any CPU.Build.0 = Release|Any CPU
		{15D14B64-6B0C-4287-A5BA-5E38FDF04F47}.Debug|Any CPU.ActiveCfg = Debug|Any CPU
		{15D14B64-6B0C-4287-A5BA-5E38FDF04F47}.Debug|Any CPU.Build.0 = Debug|Any CPU
		{15D14B64-6B0C-4287-A5BA-5E38FDF04F47}.Release|Any CPU.ActiveCfg = Release|Any CPU
		{15D14B64-6B0C-4287-A5BA-5E38FDF04F47}.Release|Any CPU.Build.0 = Release|Any CPU
		{2F31E286-005B-48DB-9D4C-B8A6702AD66D}.Debug|Any CPU.ActiveCfg = Debug|Any CPU
		{2F31E286-005B-48DB-9D4C-B8A6702AD66D}.Debug|Any CPU.Build.0 = Debug|Any CPU
		{2F31E286-005B-48DB-9D4C-B8A6702AD66D}.Release|Any CPU.ActiveCfg = Release|Any CPU
		{2F31E286-005B-48DB-9D4C-B8A6702AD66D}.Release|Any CPU.Build.0 = Release|Any CPU
		{23D72432-60F5-4DC2-8C26-8866B9D7A194}.Debug|Any CPU.ActiveCfg = Debug|Any CPU
		{23D72432-60F5-4DC2-8C26-8866B9D7A194}.Debug|Any CPU.Build.0 = Debug|Any CPU
		{23D72432-60F5-4DC2-8C26-8866B9D7A194}.Release|Any CPU.ActiveCfg = Release|Any CPU
		{23D72432-60F5-4DC2-8C26-8866B9D7A194}.Release|Any CPU.Build.0 = Release|Any CPU
		{5C1434FE-1F3B-40B2-AB5F-FB63AFD0C6D6}.Debug|Any CPU.ActiveCfg = Debug|Any CPU
		{5C1434FE-1F3B-40B2-AB5F-FB63AFD0C6D6}.Debug|Any CPU.Build.0 = Debug|Any CPU
		{5C1434FE-1F3B-40B2-AB5F-FB63AFD0C6D6}.Release|Any CPU.ActiveCfg = Release|Any CPU
		{5C1434FE-1F3B-40B2-AB5F-FB63AFD0C6D6}.Release|Any CPU.Build.0 = Release|Any CPU
		{7D67D19F-FF25-4C15-93B4-2A24939EF4BA}.Debug|Any CPU.ActiveCfg = Debug|Any CPU
		{7D67D19F-FF25-4C15-93B4-2A24939EF4BA}.Debug|Any CPU.Build.0 = Debug|Any CPU
		{7D67D19F-FF25-4C15-93B4-2A24939EF4BA}.Release|Any CPU.ActiveCfg = Release|Any CPU
		{7D67D19F-FF25-4C15-93B4-2A24939EF4BA}.Release|Any CPU.Build.0 = Release|Any CPU
		{52831E76-6223-4203-92E3-9E96C5FFDF44}.Debug|Any CPU.ActiveCfg = Debug|Any CPU
		{52831E76-6223-4203-92E3-9E96C5FFDF44}.Debug|Any CPU.Build.0 = Debug|Any CPU
		{52831E76-6223-4203-92E3-9E96C5FFDF44}.Release|Any CPU.ActiveCfg = Release|Any CPU
		{52831E76-6223-4203-92E3-9E96C5FFDF44}.Release|Any CPU.Build.0 = Release|Any CPU
		{888CBF82-6F8C-42E8-8A5E-D14AC795A5A6}.Debug|Any CPU.ActiveCfg = Debug|Any CPU
		{888CBF82-6F8C-42E8-8A5E-D14AC795A5A6}.Debug|Any CPU.Build.0 = Debug|Any CPU
		{888CBF82-6F8C-42E8-8A5E-D14AC795A5A6}.Release|Any CPU.ActiveCfg = Release|Any CPU
		{888CBF82-6F8C-42E8-8A5E-D14AC795A5A6}.Release|Any CPU.Build.0 = Release|Any CPU
	EndGlobalSection
	GlobalSection(SolutionProperties) = preSolution
		HideSolutionNode = FALSE
	EndGlobalSection
	GlobalSection(NestedProjects) = preSolution
		{6E338C76-6CEE-41A0-8EB4-CE32608097B7} = {3C89E165-65C9-48BB-B5F0-591CFC509792}
		{933DCC5B-C9A8-4493-9274-1F527A363A30} = {3C89E165-65C9-48BB-B5F0-591CFC509792}
		{15D14B64-6B0C-4287-A5BA-5E38FDF04F47} = {3C89E165-65C9-48BB-B5F0-591CFC509792}
		{2F31E286-005B-48DB-9D4C-B8A6702AD66D} = {3C89E165-65C9-48BB-B5F0-591CFC509792}
		{23D72432-60F5-4DC2-8C26-8866B9D7A194} = {3C89E165-65C9-48BB-B5F0-591CFC509792}
		{5C1434FE-1F3B-40B2-AB5F-FB63AFD0C6D6} = {3C89E165-65C9-48BB-B5F0-591CFC509792}
		{7D67D19F-FF25-4C15-93B4-2A24939EF4BA} = {3C89E165-65C9-48BB-B5F0-591CFC509792}
		{52831E76-6223-4203-92E3-9E96C5FFDF44} = {3C89E165-65C9-48BB-B5F0-591CFC509792}
		{888CBF82-6F8C-42E8-8A5E-D14AC795A5A6} = {3C89E165-65C9-48BB-B5F0-591CFC509792}
	EndGlobalSection
EndGlobal
